
Microsoft Visual Studio Solution File, Format Version 12.00
# Visual Studio Version 18
VisualStudioVersion = 18.5.11612.153 insiders
MinimumVisualStudioVersion = 10.0.40219.1
Project("{FAE04EC0-301F-11D3-BF4B-00C04F79EFBC}") = "Luolan.QQBot", "Luolan.QQBot\Luolan.QQBot.csproj", "{A6272EB1-6711-46EE-8AA2-C40B71877CB4}"
EndProject
Project("{FAE04EC0-301F-11D3-BF4B-00C04F79EFBC}") = "Luolan.QQBot.Example", "Luolan.QQBot.Example\Luolan.QQBot.Example.csproj", "{AC5646D2-EA18-4795-B608-16E4CA1A156F}"
EndProject
Project("{FAE04EC0-301F-11D3-BF4B-00C04F79EFBC}") = "Luolan.QQBot.AspNetExample", "Luolan.QQBot.AspNetExample\Luolan.QQBot.AspNetExample.csproj", "{A83B834B-758A-4915-9B7B-0634AC9D0C5A}"
EndProject
Global
	GlobalSection(SolutionConfigurationPlatforms) = preSolution
		Debug|Any CPU = Debug|Any CPU
		Debug|x64 = Debug|x64
		Debug|x86 = Debug|x86
		Release|Any CPU = Release|Any CPU
		Release|x64 = Release|x64
		Release|x86 = Release|x86
	EndGlobalSection
	GlobalSection(ProjectConfigurationPlatforms) = postSolution
		{A6272EB1-6711-46EE-8AA2-C40B71877CB4}.Debug|Any CPU.ActiveCfg = Debug|Any CPU
		{A6272EB1-6711-46EE-8AA2-C40B71877CB4}.Debug|Any CPU.Build.0 = Debug|Any CPU
		{A6272EB1-6711-46EE-8AA2-C40B71877CB4}.Debug|x64.ActiveCfg = Debug|Any CPU
		{A6272EB1-6711-46EE-8AA2-C40B71877CB4}.Debug|x64.Build.0 = Debug|Any CPU
		{A6272EB1-6711-46EE-8AA2-C40B71877CB4}.Debug|x86.ActiveCfg = Debug|Any CPU
		{A6272EB1-6711-46EE-8AA2-C40B71877CB4}.Debug|x86.Build.0 = Debug|Any CPU
		{A6272EB1-6711-46EE-8AA2-C40B71877CB4}.Release|Any CPU.ActiveCfg = Release|Any CPU
		{A6272EB1-6711-46EE-8AA2-C40B71877CB4}.Release|Any CPU.Build.0 = Release|Any CPU
		{A6272EB1-6711-46EE-8AA2-C40B71877CB4}.Release|x64.ActiveCfg = Release|Any CPU
		{A6272EB1-6711-46EE-8AA2-C40B71877CB4}.Release|x64.Build.0 = Release|Any CPU
		{A6272EB1-6711-46EE-8AA2-C40B71877CB4}.Release|x86.ActiveCfg = Release|Any CPU
		{A6272EB1-6711-46EE-8AA2-C40B71877CB4}.Release|x86.Build.0 = Release|Any CPU
		{AC5646D2-EA18-4795-B608-16E4CA1A156F}.Debug|Any CPU.ActiveCfg = Debug|Any CPU
		{AC5646D2-EA18-4795-B608-16E4CA1A156F}.Debug|Any CPU.Build.0 = Debug|Any CPU
		{AC5646D2-EA18-4795-B608-16E4CA1A156F}.Debug|x64.ActiveCfg = Debug|Any CPU
		{AC5646D2-EA18-4795-B608-16E4CA1A156F}.Debug|x64.Build.0 = Debug|Any CPU
		{AC5646D2-EA18-4795-B608-16E4CA1A156F}.Debug|x86.ActiveCfg = Debug|Any CPU
		{AC5646D2-EA18-4795-B608-16E4CA1A156F}.Debug|x86.Build.0 = Debug|Any CPU
		{AC5646D2-EA18-4795-B608-16E4CA1A156F}.Release|Any CPU.ActiveCfg = Release|Any CPU
		{AC5646D2-EA18-4795-B608-16E4CA1A156F}.Release|Any CPU.Build.0 = Release|Any CPU
		{AC5646D2-EA18-4795-B608-16E4CA1A156F}.Release|x64.ActiveCfg = Release|Any CPU
		{AC5646D2-EA18-4795-B608-16E4CA1A156F}.Release|x64.Build.0 = Release|Any CPU
		{AC5646D2-EA18-4795-B608-16E4CA1A156F}.Release|x86.ActiveCfg = Release|Any CPU
		{AC5646D2-EA18-4795-B608-16E4CA1A156F}.Release|x86.Build.0 = Release|Any CPU
		{A83B834B-758A-4915-9B7B-0634AC9D0C5A}.Debug|Any CPU.ActiveCfg = Debug|Any CPU
		{A83B834B-758A-4915-9B7B-0634AC9D0C5A}.Debug|Any CPU.Build.0 = Debug|Any CPU
		{A83B834B-758A-4915-9B7B-0634AC9D0C5A}.Debug|x64.ActiveCfg = Debug|Any CPU
		{A83B834B-758A-4915-9B7B-0634AC9D0C5A}.Debug|x64.Build.0 = Debug|Any CPU
		{A83B834B-758A-4915-9B7B-0634AC9D0C5A}.Debug|x86.ActiveCfg = Debug|Any CPU
		{A83B834B-758A-4915-9B7B-0634AC9D0C5A}.Debug|x86.Build.0 = Debug|Any CPU
		{A83B834B-758A-4915-9B7B-0634AC9D0C5A}.Release|Any CPU.ActiveCfg = Release|Any CPU
		{A83B834B-758A-4915-9B7B-0634AC9D0C5A}.Release|Any CPU.Build.0 = Release|Any CPU
		{A83B834B-758A-4915-9B7B-0634AC9D0C5A}.Release|x64.ActiveCfg = Release|Any CPU
		{A83B834B-758A-4915-9B7B-0634AC9D0C5A}.Release|x64.Build.0 = Release|Any CPU
		{A83B834B-758A-4915-9B7B-0634AC9D0C5A}.Release|x86.ActiveCfg = Release|Any CPU
		{A83B834B-758A-4915-9B7B-0634AC9D0C5A}.Release|x86.Build.0 = Release|Any CPU
	EndGlobalSection
	GlobalSection(SolutionProperties) = preSolution
		HideSolutionNode = FALSE
	EndGlobalSection
	GlobalSection(ExtensibilityGlobals) = postSolution
		SolutionGuid = {C2A6E642-3F2F-4E73-ACE4-35022FDEF7D3}
	EndGlobalSection
EndGlobal
